
Microsoft Visual Studio Solution File, Format Version 12.00
# Visual Studio 2012
Project("{FAE04EC0-301F-11D3-BF4B-00C04F79EFBC}") = "Rutracker.Scraper", "Rutracker.Scraper\Rutracker.Scraper.csproj", "{C7ABE79E-D3AC-43DF-9F7C-0C5C17E87DF4}"
EndProject
Project("{FAE04EC0-301F-11D3-BF4B-00C04F79EFBC}") = "Rutracker.Scraper.Tests", "Rutracker.Scraper.Tests\Rutracker.Scraper.Tests.csproj", "{62231B9B-9F39-4D22-805D-13B3A88BC478}"
EndProject
Global
	GlobalSection(SolutionConfigurationPlatforms) = preSolution
		Debug|Any CPU = Debug|Any CPU
		Release|Any CPU = Release|Any CPU
	EndGlobalSection
	GlobalSection(ProjectConfigurationPlatforms) = postSolution
		{C7ABE79E-D3AC-43DF-9F7C-0C5C17E87DF4}.Debug|Any CPU.ActiveCfg = Debug|Any CPU
		{C7ABE79E-D3AC-43DF-9F7C-0C5C17E87DF4}.Debug|Any CPU.Build.0 = Debug|Any CPU
		{C7ABE79E-D3AC-43DF-9F7C-0C5C17E87DF4}.Release|Any CPU.ActiveCfg = Release|Any CPU
		{C7ABE79E-D3AC-43DF-9F7C-0C5C17E87DF4}.Release|Any CPU.Build.0 = Release|Any CPU
		{62231B9B-9F39-4D22-805D-13B3A88BC478}.Debug|Any CPU.ActiveCfg = Debug|Any CPU
		{62231B9B-9F39-4D22-805D-13B3A88BC478}.Debug|Any CPU.Build.0 = Debug|Any CPU
		{62231B9B-9F39-4D22-805D-13B3A88BC478}.Release|Any CPU.ActiveCfg = Release|Any CPU
		{62231B9B-9F39-4D22-805D-13B3A88BC478}.Release|Any CPU.Build.0 = Release|Any CPU
	EndGlobalSection
	GlobalSection(SolutionProperties) = preSolution
		HideSolutionNode = FALSE
	EndGlobalSection
EndGlobal
